// !$*UTF8*$!
{
	archiveVersion = 1;
	classes = {
	};
	objectVersion = 77;
	objects = {

/* Begin PBXBuildFile section */
		5E2B7DE42FD184F800C6305B /* RealityKitContent in Frameworks */ = {isa = PBXBuildFile; productRef = 5E2B7DE32FD184F800C6305B /* RealityKitContent */; };
/* End PBXBuildFile section */

/* Begin PBXContainerItemProxy section */
		5E2B7DF12FD184FA00C6305B /* PBXContainerItemProxy */ = {
			isa = PBXContainerItemProxy;
			containerPortal = 5E69111C2F8D586C003620CD /* Project object */;
			proxyType = 1;
			remoteGlobalIDString = 5E2B7DDE2FD184F800C6305B;
			remoteInfo = visson;
		};
		5E2F8D032FD5690800D98AA7 /* PBXContainerItemProxy */ = {
			isa = PBXContainerItemProxy;
			containerPortal = 5E69111C2F8D586C003620CD /* Project object */;
			proxyType = 1;
			remoteGlobalIDString = 5E6911232F8D586C003620CD;
			remoteInfo = NurseryApp;
		};
		5E2F8D102FD5691900D98AA7 /* PBXContainerItemProxy */ = {
			isa = PBXContainerItemProxy;
			containerPortal = 5E69111C2F8D586C003620CD /* Project object */;
			proxyType = 1;
			remoteGlobalIDString = 5E6911232F8D586C003620CD;
			remoteInfo = NurseryApp;
		};
/* End PBXContainerItemProxy section */

/* Begin PBXCopyFilesBuildPhase section */
		5E07CD7F2FCD99750036CE73 /* Embed Watch Content */ = {
			isa = PBXCopyFilesBuildPhase;
			buildActionMask = 2147483647;
			dstPath = "$(CONTENTS_FOLDER_PATH)/Watch";
			dstSubfolderSpec = 16;
			files = (
			);
			name = "Embed Watch Content";
			runOnlyForDeploymentPostprocessing = 0;
		};
/* End PBXCopyFilesBuildPhase section */

/* Begin PBXFileReference section */
		5E2B7DDF2FD184F800C6305B /* visson.app */ = {isa = PBXFileReference; explicitFileType = wrapper.application; includeInIndex = 0; path = visson.app; sourceTree = BUILT_PRODUCTS_DIR; };
		5E2B7DE22FD184F800C6305B /* RealityKitContent */ = {isa = PBXFileReference; lastKnownFileType = wrapper; path = RealityKitContent; sourceTree = "<group>"; };
		5E2B7DF02FD184FA00C6305B /* vissonTests.xctest */ = {isa = PBXFileReference; explicitFileType = wrapper.cfbundle; includeInIndex = 0; path = vissonTests.xctest; sourceTree = BUILT_PRODUCTS_DIR; };
		5E2F8CFD2FD5690800D98AA7 /* NurseryAppUITests.xctest */ = {isa = PBXFileReference; explicitFileType = wrapper.cfbundle; includeInIndex = 0; path = NurseryAppUITests.xctest; sourceTree = BUILT_PRODUCTS_DIR; };
		5E2F8D0C2FD5691900D98AA7 /* NurseryAppUITests..xctest */ = {isa = PBXFileReference; explicitFileType = wrapper.cfbundle; includeInIndex = 0; path = NurseryAppUITests..xctest; sourceTree = BUILT_PRODUCTS_DIR; };
		5E6911242F8D586C003620CD /* NurseryApp.app */ = {isa = PBXFileReference; explicitFileType = wrapper.application; includeInIndex = 0; path = NurseryApp.app; sourceTree = BUILT_PRODUCTS_DIR; };
/* End PBXFileReference section */

/* Begin PBXFileSystemSynchronizedBuildFileExceptionSet section */
		5E2B7DF62FD184FA00C6305B /* Exceptions for "visson" folder in "visson" target */ = {
			isa = PBXFileSystemSynchronizedBuildFileExceptionSet;
			membershipExceptions = (
				Info.plist,
			);
			target = 5E2B7DDE2FD184F800C6305B /* visson */;
		};
/* End PBXFileSystemSynchronizedBuildFileExceptionSet section */

/* Begin PBXFileSystemSynchronizedRootGroup section */
		5E2B7DE02FD184F800C6305B /* visson */ = {
			isa = PBXFileSystemSynchronizedRootGroup;
			exceptions = (
				5E2B7DF62FD184FA00C6305B /* Exceptions for "visson" folder in "visson" target */,
			);
			path = visson;
			sourceTree = "<group>";
		};
		5E2B7DF32FD184FA00C6305B /* vissonTests */ = {
			isa = PBXFileSystemSynchronizedRootGroup;
			path = vissonTests;
			sourceTree = "<group>";
		};
		5E2F8CFE2FD5690800D98AA7 /* NurseryAppUITests */ = {
			isa = PBXFileSystemSynchronizedRootGroup;
			path = NurseryAppUITests;
			sourceTree = "<group>";
		};
		5E2F8D0D2FD5691900D98AA7 /* NurseryAppUITests. */ = {
			isa = PBXFileSystemSynchronizedRootGroup;
			path = NurseryAppUITests.;
			sourceTree = "<group>";
		};
		5E6911262F8D586C003620CD /* NurseryApp */ = {
			isa = PBXFileSystemSynchronizedRootGroup;
			path = NurseryApp;
			sourceTree = "<group>";
		};
/* End PBXFileSystemSynchronizedRootGroup section */

/* Begin PBXFrameworksBuildPhase section */
		5E2B7DDC2FD184F800C6305B /* Frameworks */ = {
			isa = PBXFrameworksBuildPhase;
			buildActionMask = 2147483647;
			files = (
				5E2B7DE42FD184F800C6305B /* RealityKitContent in Frameworks */,
			);
			runOnlyForDeploymentPostprocessing = 0;
		};
		5E2B7DED2FD184FA00C6305B /* Frameworks */ = {
			isa = PBXFrameworksBuildPhase;
			buildActionMask = 2147483647;
			files = (
			);
			runOnlyForDeploymentPostprocessing = 0;
		};
		5E2F8CFA2FD5690800D98AA7 /* Frameworks */ = {
			isa = PBXFrameworksBuildPhase;
			buildActionMask = 2147483647;
			files = (
			);
			runOnlyForDeploymentPostprocessing = 0;
		};
		5E2F8D092FD5691900D98AA7 /* Frameworks */ = {
			isa = PBXFrameworksBuildPhase;
			buildActionMask = 2147483647;
			files = (
			);
			runOnlyForDeploymentPostprocessing = 0;
		};
		5E6911212F8D586C003620CD /* Frameworks */ = {
			isa = PBXFrameworksBuildPhase;
			buildActionMask = 2147483647;
			files = (
			);
			runOnlyForDeploymentPostprocessing = 0;
		};
/* End PBXFrameworksBuildPhase section */

/* Begin PBXGroup section */
		5E2B7DE12FD184F800C6305B /* Packages */ = {
			isa = PBXGroup;
			children = (
				5E2B7DE22FD184F800C6305B /* RealityKitContent */,
			);
			path = Packages;
			sourceTree = "<group>";
		};
		5E69111B2F8D586C003620CD = {
			isa = PBXGroup;
			children = (
				5E6911262F8D586C003620CD /* NurseryApp */,
				5E2B7DE02FD184F800C6305B /* visson */,
				5E2B7DE12FD184F800C6305B /* Packages */,
				5E2B7DF32FD184FA00C6305B /* vissonTests */,
				5E2F8CFE2FD5690800D98AA7 /* NurseryAppUITests */,
				5E2F8D0D2FD5691900D98AA7 /* NurseryAppUITests. */,
				5E6911252F8D586C003620CD /* Products */,
			);
			sourceTree = "<group>";
		};
		5E6911252F8D586C003620CD /* Products */ = {
			isa = PBXGroup;
			children = (
				5E6911242F8D586C003620CD /* NurseryApp.app */,
				5E2B7DDF2FD184F800C6305B /* visson.app */,
				5E2B7DF02FD184FA00C6305B /* vissonTests.xctest */,
				5E2F8CFD2FD5690800D98AA7 /* NurseryAppUITests.xctest */,
				5E2F8D0C2FD5691900D98AA7 /* NurseryAppUITests..xctest */,
			);
			name = Products;
			sourceTree = "<group>";
		};
/* End PBXGroup section */

/* Begin PBXNativeTarget section */
		5E2B7DDE2FD184F800C6305B /* visson */ = {
			isa = PBXNativeTarget;
			buildConfigurationList = 5E2B7DF72FD184FA00C6305B /* Build configuration list for PBXNativeTarget "visson" */;
			buildPhases = (
				5E2B7DDB2FD184F800C6305B /* Sources */,
				5E2B7DDC2FD184F800C6305B /* Frameworks */,
				5E2B7DDD2FD184F800C6305B /* Resources */,
			);
			buildRules = (
			);
			dependencies = (
			);
			fileSystemSynchronizedGroups = (
				5E2B7DE02FD184F800C6305B /* visson */,
			);
			name = visson;
			packageProductDependencies = (
				5E2B7DE32FD184F800C6305B /* RealityKitContent */,
			);
			productName = visson;
			productReference = 5E2B7DDF2FD184F800C6305B /* visson.app */;
			productType = "com.apple.product-type.application";
		};
		5E2B7DEF2FD184FA00C6305B /* vissonTests */ = {
			isa = PBXNativeTarget;
			buildConfigurationList = 5E2B7DFA2FD184FA00C6305B /* Build configuration list for PBXNativeTarget "vissonTests" */;
			buildPhases = (
				5E2B7DEC2FD184FA00C6305B /* Sources */,
				5E2B7DED2FD184FA00C6305B /* Frameworks */,
				5E2B7DEE2FD184FA00C6305B /* Resources */,
			);
			buildRules = (
			);
			dependencies = (
				5E2B7DF22FD184FA00C6305B /* PBXTargetDependency */,
			);
			fileSystemSynchronizedGroups = (
				5E2B7DF32FD184FA00C6305B /* vissonTests */,
			);
			name = vissonTests;
			packageProductDependencies = (
			);
			productName = vissonTests;
			productReference = 5E2B7DF02FD184FA00C6305B /* vissonTests.xctest */;
			productType = "com.apple.product-type.bundle.unit-test";
		};
		5E2F8CFC2FD5690800D98AA7 /* NurseryAppUITests */ = {
			isa = PBXNativeTarget;
			buildConfigurationList = 5E2F8D052FD5690800D98AA7 /* Build configuration list for PBXNativeTarget "NurseryAppUITests" */;
			buildPhases = (
				5E2F8CF92FD5690800D98AA7 /* Sources */,
				5E2F8CFA2FD5690800D98AA7 /* Frameworks */,
				5E2F8CFB2FD5690800D98AA7 /* Resources */,
			);
			buildRules = (
			);
			dependencies = (
				5E2F8D042FD5690800D98AA7 /* PBXTargetDependency */,
			);
			fileSystemSynchronizedGroups = (
				5E2F8CFE2FD5690800D98AA7 /* NurseryAppUITests */,
			);
			name = NurseryAppUITests;
			packageProductDependencies = (
			);
			productName = NurseryAppUITests;
			productReference = 5E2F8CFD2FD5690800D98AA7 /* NurseryAppUITests.xctest */;
			productType = "com.apple.product-type.bundle.ui-testing";
		};
		5E2F8D0B2FD5691900D98AA7 /* NurseryAppUITests. */ = {
			isa = PBXNativeTarget;
			buildConfigurationList = 5E2F8D122FD5691900D98AA7 /* Build configuration list for PBXNativeTarget "NurseryAppUITests." */;
			buildPhases = (
				5E2F8D082FD5691900D98AA7 /* Sources */,
				5E2F8D092FD5691900D98AA7 /* Frameworks */,
				5E2F8D0A2FD5691900D98AA7 /* Resources */,
			);
			buildRules = (
			);
			dependencies = (
				5E2F8D112FD5691900D98AA7 /* PBXTargetDependency */,
			);
			fileSystemSynchronizedGroups = (
				5E2F8D0D2FD5691900D98AA7 /* NurseryAppUITests. */,
			);
			name = NurseryAppUITests.;
			packageProductDependencies = (
			);
			productName = NurseryAppUITests.;
			productReference = 5E2F8D0C2FD5691900D98AA7 /* NurseryAppUITests..xctest */;
			productType = "com.apple.product-type.bundle.unit-test";
		};
		5E6911232F8D586C003620CD /* NurseryApp */ = {
			isa = PBXNativeTarget;
			buildConfigurationList = 5E69112F2F8D586E003620CD /* Build configuration list for PBXNativeTarget "NurseryApp" */;
			buildPhases = (
				5E6911202F8D586C003620CD /* Sources */,
				5E6911212F8D586C003620CD /* Frameworks */,
				5E6911222F8D586C003620CD /* Resources */,
				5E07CD7F2FCD99750036CE73 /* Embed Watch Content */,
			);
			buildRules = (
			);
			dependencies = (
			);
			fileSystemSynchronizedGroups = (
				5E6911262F8D586C003620CD /* NurseryApp */,
			);
			name = NurseryApp;
			packageProductDependencies = (
			);
			productName = NurseryApp;
			productReference = 5E6911242F8D586C003620CD /* NurseryApp.app */;
			productType = "com.apple.product-type.application";
		};
/* End PBXNativeTarget section */

/* Begin PBXProject section */
		5E69111C2F8D586C003620CD /* Project object */ = {
			isa = PBXProject;
			attributes = {
				BuildIndependentTargetsInParallel = 1;
				LastSwiftUpdateCheck = 2620;
				LastUpgradeCheck = 2620;
				TargetAttributes = {
					5E2B7DDE2FD184F800C6305B = {
						CreatedOnToolsVersion = 26.2;
					};
					5E2B7DEF2FD184FA00C6305B = {
						CreatedOnToolsVersion = 26.2;
						TestTargetID = 5E2B7DDE2FD184F800C6305B;
					};
					5E2F8CFC2FD5690800D98AA7 = {
						CreatedOnToolsVersion = 26.2;
						TestTargetID = 5E6911232F8D586C003620CD;
					};
					5E2F8D0B2FD5691900D98AA7 = {
						CreatedOnToolsVersion = 26.2;
						TestTargetID = 5E6911232F8D586C003620CD;
					};
					5E6911232F8D586C003620CD = {
						CreatedOnToolsVersion = 26.2;
					};
				};
			};
			buildConfigurationList = 5E69111F2F8D586C003620CD /* Build configuration list for PBXProject "NurseryApp" */;
			developmentRegion = en;
			hasScannedForEncodings = 0;
			knownRegions = (
				en,
				Base,
			);
			mainGroup = 5E69111B2F8D586C003620CD;
			minimizedProjectReferenceProxies = 1;
			preferredProjectObjectVersion = 77;
			productRefGroup = 5E6911252F8D586C003620CD /* Products */;
			projectDirPath = "";
			projectRoot = "";
			targets = (
				5E6911232F8D586C003620CD /* NurseryApp */,
				5E2B7DDE2FD184F800C6305B /* visson */,
				5E2B7DEF2FD184FA00C6305B /* vissonTests */,
				5E2F8CFC2FD5690800D98AA7 /* NurseryAppUITests */,
				5E2F8D0B2FD5691900D98AA7 /* NurseryAppUITests. */,
			);
		};
/* End PBXProject section */

/* Begin PBXResourcesBuildPhase section */
		5E2B7DDD2FD184F800C6305B /* Resources */ = {
			isa = PBXResourcesBuildPhase;
			buildActionMask = 2147483647;
			files = (
			);
			runOnlyForDeploymentPostprocessing = 0;
		};
		5E2B7DEE2FD184FA00C6305B /* Resources */ = {
			isa = PBXResourcesBuildPhase;
			buildActionMask = 2147483647;
			files = (
			);
			runOnlyForDeploymentPostprocessing = 0;
		};
		5E2F8CFB2FD5690800D98AA7 /* Resources */ = {
			isa = PBXResourcesBuildPhase;
			buildActionMask = 2147483647;
			files = (
			);
			runOnlyForDeploymentPostprocessing = 0;
		};
		5E2F8D0A2FD5691900D98AA7 /* Resources */ = {
			isa = PBXResourcesBuildPhase;
			buildActionMask = 2147483647;
			files = (
			);
			runOnlyForDeploymentPostprocessing = 0;
		};
		5E6911222F8D586C003620CD /* Resources */ = {
			isa = PBXResourcesBuildPhase;
			buildActionMask = 2147483647;
			files = (
			);
			runOnlyForDeploymentPostprocessing = 0;
		};
/* End PBXResourcesBuildPhase section */

/* Begin PBXSourcesBuildPhase section */
		5E2B7DDB2FD184F800C6305B /* Sources */ = {
			isa = PBXSourcesBuildPhase;
			buildActionMask = 2147483647;
			files = (
			);
			runOnlyForDeploymentPostprocessing = 0;
		};
		5E2B7DEC2FD184FA00C6305B /* Sources */ = {
			isa = PBXSourcesBuildPhase;
			buildActionMask = 2147483647;
			files = (
			);
			runOnlyForDeploymentPostprocessing = 0;
		};
		5E2F8CF92FD5690800D98AA7 /* Sources */ = {
			isa = PBXSourcesBuildPhase;
			buildActionMask = 2147483647;
			files = (
			);
			runOnlyForDeploymentPostprocessing = 0;
		};
		5E2F8D082FD5691900D98AA7 /* Sources */ = {
			isa = PBXSourcesBuildPhase;
			buildActionMask = 2147483647;
			files = (
			);
			runOnlyForDeploymentPostprocessing = 0;
		};
		5E6911202F8D586C003620CD /* Sources */ = {
			isa = PBXSourcesBuildPhase;
			buildActionMask = 2147483647;
			files = (
			);
			runOnlyForDeploymentPostprocessing = 0;
		};
/* End PBXSourcesBuildPhase section */

/* Begin PBXTargetDependency section */
		5E2B7DF22FD184FA00C6305B /* PBXTargetDependency */ = {
			isa = PBXTargetDependency;
			target = 5E2B7DDE2FD184F800C6305B /* visson */;
			targetProxy = 5E2B7DF12FD184FA00C6305B /* PBXContainerItemProxy */;
		};
		5E2F8D042FD5690800D98AA7 /* PBXTargetDependency */ = {
			isa = PBXTargetDependency;
			target = 5E6911232F8D586C003620CD /* NurseryApp */;
			targetProxy = 5E2F8D032FD5690800D98AA7 /* PBXContainerItemProxy */;
		};
		5E2F8D112FD5691900D98AA7 /* PBXTargetDependency */ = {
			isa = PBXTargetDependency;
			target = 5E6911232F8D586C003620CD /* NurseryApp */;
			targetProxy = 5E2F8D102FD5691900D98AA7 /* PBXContainerItemProxy */;
		};
/* End PBXTargetDependency section */

/* Begin XCBuildConfiguration section */
		5E2B7DF82FD184FA00C6305B /* Debug */ = {
			isa = XCBuildConfiguration;
			buildSettings = {
				ASSETCATALOG_COMPILER_APPICON_NAME = AppIcon;
				ASSETCATALOG_COMPILER_GLOBAL_ACCENT_COLOR_NAME = AccentColor;
				CODE_SIGN_STYLE = Automatic;
				CURRENT_PROJECT_VERSION = 1;
				ENABLE_PREVIEWS = YES;
				GENERATE_INFOPLIST_FILE = YES;
				INFOPLIST_FILE = "$(TARGET_NAME)/Info.plist";
				LD_RUNPATH_SEARCH_PATHS = (
					"$(inherited)",
					"@executable_path/Frameworks",
				);
				MARKETING_VERSION = 1.0;
				PRODUCT_BUNDLE_IDENTIFIER = MADD.visson;
				PRODUCT_NAME = "$(TARGET_NAME)";
				SDKROOT = xros;
				STRING_CATALOG_GENERATE_SYMBOLS = YES;
				SUPPORTED_PLATFORMS = "xros xrsimulator";
				SWIFT_APPROACHABLE_CONCURRENCY = YES;
				SWIFT_DEFAULT_ACTOR_ISOLATION = MainActor;
				SWIFT_EMIT_LOC_STRINGS = YES;
				SWIFT_UPCOMING_FEATURE_MEMBER_IMPORT_VISIBILITY = YES;
				SWIFT_VERSION = 5.0;
				TARGETED_DEVICE_FAMILY = 7;
				XROS_DEPLOYMENT_TARGET = 26.2;
			};
			name = Debug;
		};
		5E2B7DF92FD184FA00C6305B /* Release */ = {
			isa = XCBuildConfiguration;
			buildSettings = {
				ASSETCATALOG_COMPILER_APPICON_NAME = AppIcon;
				ASSETCATALOG_COMPILER_GLOBAL_ACCENT_COLOR_NAME = AccentColor;
				CODE_SIGN_STYLE = Automatic;
				CURRENT_PROJECT_VERSION = 1;
				ENABLE_PREVIEWS = YES;
				GENERATE_INFOPLIST_FILE = YES;
				INFOPLIST_FILE = "$(TARGET_NAME)/Info.plist";
				LD_RUNPATH_SEARCH_PATHS = (
					"$(inherited)",
					"@executable_path/Frameworks",
				);
				MARKETING_VERSION = 1.0;
				PRODUCT_BUNDLE_IDENTIFIER = MADD.visson;
				PRODUCT_NAME = "$(TARGET_NAME)";
				SDKROOT = xros;
				STRING_CATALOG_GENERATE_SYMBOLS = YES;
				SUPPORTED_PLATFORMS = "xros xrsimulator";
				SWIFT_APPROACHABLE_CONCURRENCY = YES;
				SWIFT_DEFAULT_ACTOR_ISOLATION = MainActor;
				SWIFT_EMIT_LOC_STRINGS = YES;
				SWIFT_UPCOMING_FEATURE_MEMBER_IMPORT_VISIBILITY = YES;
				SWIFT_VERSION = 5.0;
				TARGETED_DEVICE_FAMILY = 7;
				XROS_DEPLOYMENT_TARGET = 26.2;
			};
			name = Release;
		};
		5E2B7DFB2FD184FA00C6305B /* Debug */ = {
			isa = XCBuildConfiguration;
			buildSettings = {
				BUNDLE_LOADER = "$(TEST_HOST)";
				CODE_SIGN_STYLE = Automatic;
				CURRENT_PROJECT_VERSION = 1;
				GENERATE_INFOPLIST_FILE = YES;
				MARKETING_VERSION = 1.0;
				PRODUCT_BUNDLE_IDENTIFIER = MADD.vissonTests;
				PRODUCT_NAME = "$(TARGET_NAME)";
				SDKROOT = xros;
				STRING_CATALOG_GENERATE_SYMBOLS = NO;
				SUPPORTED_PLATFORMS = "xros xrsimulator";
				SWIFT_APPROACHABLE_CONCURRENCY = YES;
				SWIFT_EMIT_LOC_STRINGS = NO;
				SWIFT_UPCOMING_FEATURE_MEMBER_IMPORT_VISIBILITY = YES;
				SWIFT_VERSION = 5.0;
				TARGETED_DEVICE_FAMILY = 7;
				TEST_HOST = "$(BUILT_PRODUCTS_DIR)/visson.app/$(BUNDLE_EXECUTABLE_FOLDER_PATH)/visson";
				XROS_DEPLOYMENT_TARGET = 26.2;
			};
			name = Debug;
		};
		5E2B7DFC2FD184FA00C6305B /* Release */ = {
			isa = XCBuildConfiguration;
			buildSettings = {
				BUNDLE_LOADER = "$(TEST_HOST)";
				CODE_SIGN_STYLE = Automatic;
				CURRENT_PROJECT_VERSION = 1;
				GENERATE_INFOPLIST_FILE = YES;
				MARKETING_VERSION = 1.0;
				PRODUCT_BUNDLE_IDENTIFIER = MADD.vissonTests;
				PRODUCT_NAME = "$(TARGET_NAME)";
				SDKROOT = xros;
				STRING_CATALOG_GENERATE_SYMBOLS = NO;
				SUPPORTED_PLATFORMS = "xros xrsimulator";
				SWIFT_APPROACHABLE_CONCURRENCY = YES;
				SWIFT_EMIT_LOC_STRINGS = NO;
				SWIFT_UPCOMING_FEATURE_MEMBER_IMPORT_VISIBILITY = YES;
				SWIFT_VERSION = 5.0;
				TARGETED_DEVICE_FAMILY = 7;
				TEST_HOST = "$(BUILT_PRODUCTS_DIR)/visson.app/$(BUNDLE_EXECUTABLE_FOLDER_PATH)/visson";
				XROS_DEPLOYMENT_TARGET = 26.2;
			};
			name = Release;
		};
		5E2F8D062FD5690800D98AA7 /* Debug */ = {
			isa = XCBuildConfiguration;
			buildSettings = {
				CODE_SIGN_STYLE = Automatic;
				CURRENT_PROJECT_VERSION = 1;
				GENERATE_INFOPLIST_FILE = YES;
				MARKETING_VERSION = 1.0;
				PRODUCT_BUNDLE_IDENTIFIER = MADD.NurseryAppUITests;
				PRODUCT_NAME = "$(TARGET_NAME)";
				STRING_CATALOG_GENERATE_SYMBOLS = NO;
				SWIFT_APPROACHABLE_CONCURRENCY = YES;
				SWIFT_EMIT_LOC_STRINGS = NO;
				SWIFT_UPCOMING_FEATURE_MEMBER_IMPORT_VISIBILITY = YES;
				SWIFT_VERSION = 5.0;
				TARGETED_DEVICE_FAMILY = "1,2";
				TEST_TARGET_NAME = NurseryApp;
			};
			name = Debug;
		};
		5E2F8D072FD5690800D98AA7 /* Release */ = {
			isa = XCBuildConfiguration;
			buildSettings = {
				CODE_SIGN_STYLE = Automatic;
				CURRENT_PROJECT_VERSION = 1;
				GENERATE_INFOPLIST_FILE = YES;
				MARKETING_VERSION = 1.0;
				PRODUCT_BUNDLE_IDENTIFIER = MADD.NurseryAppUITests;
				PRODUCT_NAME = "$(TARGET_NAME)";
				STRING_CATALOG_GENERATE_SYMBOLS = NO;
				SWIFT_APPROACHABLE_CONCURRENCY = YES;
				SWIFT_EMIT_LOC_STRINGS = NO;
				SWIFT_UPCOMING_FEATURE_MEMBER_IMPORT_VISIBILITY = YES;
				SWIFT_VERSION = 5.0;
				TARGETED_DEVICE_FAMILY = "1,2";
				TEST_TARGET_NAME = NurseryApp;
			};
			name = Release;
		};
		5E2F8D132FD5691900D98AA7 /* Debug */ = {
			isa = XCBuildConfiguration;
			buildSettings = {
				BUNDLE_LOADER = "$(TEST_HOST)";
				CODE_SIGN_STYLE = Automatic;
				CURRENT_PROJECT_VERSION = 1;
				GENERATE_INFOPLIST_FILE = YES;
				MARKETING_VERSION = 1.0;
				PRODUCT_BUNDLE_IDENTIFIER = "MADD.NurseryAppUITests-";
				PRODUCT_NAME = "$(TARGET_NAME)";
				STRING_CATALOG_GENERATE_SYMBOLS = NO;
				SWIFT_APPROACHABLE_CONCURRENCY = YES;
				SWIFT_EMIT_LOC_STRINGS = NO;
				SWIFT_UPCOMING_FEATURE_MEMBER_IMPORT_VISIBILITY = YES;
				SWIFT_VERSION = 5.0;
				TARGETED_DEVICE_FAMILY = "1,2";
				TEST_HOST = "$(BUILT_PRODUCTS_DIR)/NurseryApp.app/$(BUNDLE_EXECUTABLE_FOLDER_PATH)/NurseryApp";
			};
			name = Debug;
		};
		5E2F8D142FD5691900D98AA7 /* Release */ = {
			isa = XCBuildConfiguration;
			buildSettings = {
				BUNDLE_LOADER = "$(TEST_HOST)";
				CODE_SIGN_STYLE = Automatic;
				CURRENT_PROJECT_VERSION = 1;
				GENERATE_INFOPLIST_FILE = YES;
				MARKETING_VERSION = 1.0;
				PRODUCT_BUNDLE_IDENTIFIER = "MADD.NurseryAppUITests-";
				PRODUCT_NAME = "$(TARGET_NAME)";
				STRING_CATALOG_GENERATE_SYMBOLS = NO;
				SWIFT_APPROACHABLE_CONCURRENCY = YES;
				SWIFT_EMIT_LOC_STRINGS = NO;
				SWIFT_UPCOMING_FEATURE_MEMBER_IMPORT_VISIBILITY = YES;
				SWIFT_VERSION = 5.0;
				TARGETED_DEVICE_FAMILY = "1,2";
				TEST_HOST = "$(BUILT_PRODUCTS_DIR)/NurseryApp.app/$(BUNDLE_EXECUTABLE_FOLDER_PATH)/NurseryApp";
			};
			name = Release;
		};
		5E69112D2F8D586E003620CD /* Debug */ = {
			isa = XCBuildConfiguration;
			buildSettings = {
				ALWAYS_SEARCH_USER_PATHS = NO;
				ASSETCATALOG_COMPILER_GENERATE_SWIFT_ASSET_SYMBOL_EXTENSIONS = YES;
				CLANG_ANALYZER_NONNULL = YES;
				CLANG_ANALYZER_NUMBER_OBJECT_CONVERSION = YES_AGGRESSIVE;
				CLANG_CXX_LANGUAGE_STANDARD = "gnu++20";
				CLANG_ENABLE_MODULES = YES;
				CLANG_ENABLE_OBJC_ARC = YES;
				CLANG_ENABLE_OBJC_WEAK = YES;
				CLANG_WARN_BLOCK_CAPTURE_AUTORELEASING = YES;
				CLANG_WARN_BOOL_CONVERSION = YES;
				CLANG_WARN_COMMA = YES;
				CLANG_WARN_CONSTANT_CONVERSION = YES;
				CLANG_WARN_DEPRECATED_OBJC_IMPLEMENTATIONS = YES;
				CLANG_WARN_DIRECT_OBJC_ISA_USAGE = YES_ERROR;
				CLANG_WARN_DOCUMENTATION_COMMENTS = YES;
				CLANG_WARN_EMPTY_BODY = YES;
				CLANG_WARN_ENUM_CONVERSION = YES;
				CLANG_WARN_INFINITE_RECURSION = YES;
				CLANG_WARN_INT_CONVERSION = YES;
				CLANG_WARN_NON_LITERAL_NULL_CONVERSION = YES;
				CLANG_WARN_OBJC_IMPLICIT_RETAIN_SELF = YES;
				CLANG_WARN_OBJC_LITERAL_CONVERSION = YES;
				CLANG_WARN_OBJC_ROOT_CLASS = YES_ERROR;
				CLANG_WARN_QUOTED_INCLUDE_IN_FRAMEWORK_HEADER = YES;
				CLANG_WARN_RANGE_LOOP_ANALYSIS = YES;
				CLANG_WARN_STRICT_PROTOTYPES = YES;
				CLANG_WARN_SUSPICIOUS_MOVE = YES;
				CLANG_WARN_UNGUARDED_AVAILABILITY = YES_AGGRESSIVE;
				CLANG_WARN_UNREACHABLE_CODE = YES;
				CLANG_WARN__DUPLICATE_METHOD_MATCH = YES;
				COPY_PHASE_STRIP = NO;
				DEBUG_INFORMATION_FORMAT = dwarf;
				ENABLE_STRICT_OBJC_MSGSEND = YES;
				ENABLE_TESTABILITY = YES;
				ENABLE_USER_SCRIPT_SANDBOXING = YES;
				GCC_C_LANGUAGE_STANDARD = gnu17;
				GCC_DYNAMIC_NO_PIC = NO;
				GCC_NO_COMMON_BLOCKS = YES;
				GCC_OPTIMIZATION_LEVEL = 0;
				GCC_PREPROCESSOR_DEFINITIONS = (
					"DEBUG=1",
					"$(inherited)",
				);
				GCC_WARN_64_TO_32_BIT_CONVERSION = YES;
				GCC_WARN_ABOUT_RETURN_TYPE = YES_ERROR;
				GCC_WARN_UNDECLARED_SELECTOR = YES;
				GCC_WARN_UNINITIALIZED_AUTOS = YES_AGGRESSIVE;
				GCC_WARN_UNUSED_FUNCTION = YES;
				GCC_WARN_UNUSED_VARIABLE = YES;
				IPHONEOS_DEPLOYMENT_TARGET = 26.2;
				LOCALIZATION_PREFERS_STRING_CATALOGS = YES;
				MTL_ENABLE_DEBUG_INFO = INCLUDE_SOURCE;
				MTL_FAST_MATH = YES;
				ONLY_ACTIVE_ARCH = YES;
				SDKROOT = iphoneos;
				SWIFT_ACTIVE_COMPILATION_CONDITIONS = "DEBUG $(inherited)";
				SWIFT_OPTIMIZATION_LEVEL = "-Onone";
			};
			name = Debug;
		};
		5E69112E2F8D586E003620CD /* Release */ = {
			isa = XCBuildConfiguration;
			buildSettings = {
				ALWAYS_SEARCH_USER_PATHS = NO;
				ASSETCATALOG_COMPILER_GENERATE_SWIFT_ASSET_SYMBOL_EXTENSIONS = YES;
				CLANG_ANALYZER_NONNULL = YES;
				CLANG_ANALYZER_NUMBER_OBJECT_CONVERSION = YES_AGGRESSIVE;
				CLANG_CXX_LANGUAGE_STANDARD = "gnu++20";
				CLANG_ENABLE_MODULES = YES;
				CLANG_ENABLE_OBJC_ARC = YES;
				CLANG_ENABLE_OBJC_WEAK = YES;
				CLANG_WARN_BLOCK_CAPTURE_AUTORELEASING = YES;
				CLANG_WARN_BOOL_CONVERSION = YES;
				CLANG_WARN_COMMA = YES;
				CLANG_WARN_CONSTANT_CONVERSION = YES;
				CLANG_WARN_DEPRECATED_OBJC_IMPLEMENTATIONS = YES;
				CLANG_WARN_DIRECT_OBJC_ISA_USAGE = YES_ERROR;
				CLANG_WARN_DOCUMENTATION_COMMENTS = YES;
				CLANG_WARN_EMPTY_BODY = YES;
				CLANG_WARN_ENUM_CONVERSION = YES;
				CLANG_WARN_INFINITE_RECURSION = YES;
				CLANG_WARN_INT_CONVERSION = YES;
				CLANG_WARN_NON_LITERAL_NULL_CONVERSION = YES;
				CLANG_WARN_OBJC_IMPLICIT_RETAIN_SELF = YES;
				CLANG_WARN_OBJC_LITERAL_CONVERSION = YES;
				CLANG_WARN_OBJC_ROOT_CLASS = YES_ERROR;
				CLANG_WARN_QUOTED_INCLUDE_IN_FRAMEWORK_HEADER = YES;
				CLANG_WARN_RANGE_LOOP_ANALYSIS = YES;
				CLANG_WARN_STRICT_PROTOTYPES = YES;
				CLANG_WARN_SUSPICIOUS_MOVE = YES;
				CLANG_WARN_UNGUARDED_AVAILABILITY = YES_AGGRESSIVE;
				CLANG_WARN_UNREACHABLE_CODE = YES;
				CLANG_WARN__DUPLICATE_METHOD_MATCH = YES;
				COPY_PHASE_STRIP = NO;
				DEBUG_INFORMATION_FORMAT = "dwarf-with-dsym";
				ENABLE_NS_ASSERTIONS = NO;
				ENABLE_STRICT_OBJC_MSGSEND = YES;
				ENABLE_USER_SCRIPT_SANDBOXING = YES;
				GCC_C_LANGUAGE_STANDARD = gnu17;
				GCC_NO_COMMON_BLOCKS = YES;
				GCC_WARN_64_TO_32_BIT_CONVERSION = YES;
				GCC_WARN_ABOUT_RETURN_TYPE = YES_ERROR;
				GCC_WARN_UNDECLARED_SELECTOR = YES;
				GCC_WARN_UNINITIALIZED_AUTOS = YES_AGGRESSIVE;
				GCC_WARN_UNUSED_FUNCTION = YES;
				GCC_WARN_UNUSED_VARIABLE = YES;
				IPHONEOS_DEPLOYMENT_TARGET = 26.2;
				LOCALIZATION_PREFERS_STRING_CATALOGS = YES;
				MTL_ENABLE_DEBUG_INFO = NO;
				MTL_FAST_MATH = YES;
				SDKROOT = iphoneos;
				SWIFT_COMPILATION_MODE = wholemodule;
				VALIDATE_PRODUCT = YES;
			};
			name = Release;
		};
		5E6911302F8D586E003620CD /* Debug */ = {
			isa = XCBuildConfiguration;
			buildSettings = {
				ASSETCATALOG_COMPILER_APPICON_NAME = AppIcon;
				ASSETCATALOG_COMPILER_GLOBAL_ACCENT_COLOR_NAME = AccentColor;
				CODE_SIGN_STYLE = Automatic;
				CURRENT_PROJECT_VERSION = 1;
				ENABLE_PREVIEWS = YES;
				GENERATE_INFOPLIST_FILE = YES;
				INFOPLIST_KEY_UIApplicationSceneManifest_Generation = YES;
				INFOPLIST_KEY_UIApplicationSupportsIndirectInputEvents = YES;
				INFOPLIST_KEY_UILaunchScreen_Generation = YES;
				INFOPLIST_KEY_UISupportedInterfaceOrientations_iPad = "UIInterfaceOrientationPortrait UIInterfaceOrientationPortraitUpsideDown UIInterfaceOrientationLandscapeLeft UIInterfaceOrientationLandscapeRight";
				INFOPLIST_KEY_UISupportedInterfaceOrientations_iPhone = "UIInterfaceOrientationPortrait UIInterfaceOrientationLandscapeLeft UIInterfaceOrientationLandscapeRight";
				LD_RUNPATH_SEARCH_PATHS = (
					"$(inherited)",
					"@executable_path/Frameworks",
				);
				MARKETING_VERSION = 1.0;
				PRODUCT_BUNDLE_IDENTIFIER = MADD.NurseryApp;
				PRODUCT_NAME = "$(TARGET_NAME)";
				STRING_CATALOG_GENERATE_SYMBOLS = YES;
				SWIFT_APPROACHABLE_CONCURRENCY = YES;
				SWIFT_DEFAULT_ACTOR_ISOLATION = MainActor;
				SWIFT_EMIT_LOC_STRINGS = YES;
				SWIFT_UPCOMING_FEATURE_MEMBER_IMPORT_VISIBILITY = YES;
				SWIFT_VERSION = 5.0;
				TARGETED_DEVICE_FAMILY = "1,2";
			};
			name = Debug;
		};
		5E6911312F8D586E003620CD /* Release */ = {
			isa = XCBuildConfiguration;
			buildSettings = {
				ASSETCATALOG_COMPILER_APPICON_NAME = AppIcon;
				ASSETCATALOG_COMPILER_GLOBAL_ACCENT_COLOR_NAME = AccentColor;
				CODE_SIGN_STYLE = Automatic;
				CURRENT_PROJECT_VERSION = 1;
				ENABLE_PREVIEWS = YES;
				GENERATE_INFOPLIST_FILE = YES;
				INFOPLIST_KEY_UIApplicationSceneManifest_Generation = YES;
				INFOPLIST_KEY_UIApplicationSupportsIndirectInputEvents = YES;
				INFOPLIST_KEY_UILaunchScreen_Generation = YES;
				INFOPLIST_KEY_UISupportedInterfaceOrientations_iPad = "UIInterfaceOrientationPortrait UIInterfaceOrientationPortraitUpsideDown UIInterfaceOrientationLandscapeLeft UIInterfaceOrientationLandscapeRight";
				INFOPLIST_KEY_UISupportedInterfaceOrientations_iPhone = "UIInterfaceOrientationPortrait UIInterfaceOrientationLandscapeLeft UIInterfaceOrientationLandscapeRight";
				LD_RUNPATH_SEARCH_PATHS = (
					"$(inherited)",
					"@executable_path/Frameworks",
				);
				MARKETING_VERSION = 1.0;
				PRODUCT_BUNDLE_IDENTIFIER = MADD.NurseryApp;
				PRODUCT_NAME = "$(TARGET_NAME)";
				STRING_CATALOG_GENERATE_SYMBOLS = YES;
				SWIFT_APPROACHABLE_CONCURRENCY = YES;
				SWIFT_DEFAULT_ACTOR_ISOLATION = MainActor;
				SWIFT_EMIT_LOC_STRINGS = YES;
				SWIFT_UPCOMING_FEATURE_MEMBER_IMPORT_VISIBILITY = YES;
				SWIFT_VERSION = 5.0;
				TARGETED_DEVICE_FAMILY = "1,2";
			};
			name = Release;
		};
/* End XCBuildConfiguration section */

/* Begin XCConfigurationList section */
		5E2B7DF72FD184FA00C6305B /* Build configuration list for PBXNativeTarget "visson" */ = {
			isa = XCConfigurationList;
			buildConfigurations = (
				5E2B7DF82FD184FA00C6305B /* Debug */,
				5E2B7DF92FD184FA00C6305B /* Release */,
			);
			defaultConfigurationIsVisible = 0;
			defaultConfigurationName = Release;
		};
		5E2B7DFA2FD184FA00C6305B /* Build configuration list for PBXNativeTarget "vissonTests" */ = {
			isa = XCConfigurationList;
			buildConfigurations = (
				5E2B7DFB2FD184FA00C6305B /* Debug */,
				5E2B7DFC2FD184FA00C6305B /* Release */,
			);
			defaultConfigurationIsVisible = 0;
			defaultConfigurationName = Release;
		};
		5E2F8D052FD5690800D98AA7 /* Build configuration list for PBXNativeTarget "NurseryAppUITests" */ = {
			isa = XCConfigurationList;
			buildConfigurations = (
				5E2F8D062FD5690800D98AA7 /* Debug */,
				5E2F8D072FD5690800D98AA7 /* Release */,
			);
			defaultConfigurationIsVisible = 0;
			defaultConfigurationName = Release;
		};
		5E2F8D122FD5691900D98AA7 /* Build configuration list for PBXNativeTarget "NurseryAppUITests." */ = {
			isa = XCConfigurationList;
			buildConfigurations = (
				5E2F8D132FD5691900D98AA7 /* Debug */,
				5E2F8D142FD5691900D98AA7 /* Release */,
			);
			defaultConfigurationIsVisible = 0;
			defaultConfigurationName = Release;
		};
		5E69111F2F8D586C003620CD /* Build configuration list for PBXProject "NurseryApp" */ = {
			isa = XCConfigurationList;
			buildConfigurations = (
				5E69112D2F8D586E003620CD /* Debug */,
				5E69112E2F8D586E003620CD /* Release */,
			);
			defaultConfigurationIsVisible = 0;
			defaultConfigurationName = Release;
		};
		5E69112F2F8D586E003620CD /* Build configuration list for PBXNativeTarget "NurseryApp" */ = {
			isa = XCConfigurationList;
			buildConfigurations = (
				5E6911302F8D586E003620CD /* Debug */,
				5E6911312F8D586E003620CD /* Release */,
			);
			defaultConfigurationIsVisible = 0;
			defaultConfigurationName = Release;
		};
/* End XCConfigurationList section */

/* Begin XCSwiftPackageProductDependency section */
		5E2B7DE32FD184F800C6305B /* RealityKitContent */ = {
			isa = XCSwiftPackageProductDependency;
			productName = RealityKitContent;
		};
/* End XCSwiftPackageProductDependency section */
	};
	rootObject = 5E69111C2F8D586C003620CD /* Project object */;
}
